version = 1
revision = 3
requires-python = ">=3.13"
resolution-markers = [
    "python_full_version >= '3.15'",
    "python_full_version < '3.15'",
]

[[package]]
name = "ast-serialize"
version = "0.3.0"
source = { registry = "https://pypi.org/simple" }
sdist = { url = "https://files.pythonhosted.org/packages/a9/9d/912fefab0e30aee6a3af8a62bbea4a81b29afa4ba2c973d31170620a26de/ast_serialize-0.3.0.tar.gz", hash = "sha256:1bc3ca09a63a021376527c4e938deedd11d11d675ce850e6f9c7487f5889992b", size = 60689, upload-time = "2026-04-30T23:24:48.104Z" }
wheels = [
    { url = "https://files.pythonhosted.org/packages/6f/57/a54d4de491d6cdd7a4e4b0952cc3ca9f60dcefa7b5fb48d6d492debe1649/ast_serialize-0.3.0-cp314-cp314t-macosx_10_12_x86_64.whl", hash = "sha256:3a867927df59f76a18dc1d874a0b2c079b42c58972dca637905576deb0912e14", size = 1182966, upload-time = "2026-04-30T23:23:57.376Z" },
    { url = "https://files.pythonhosted.org/packages/ee/9e/a5db014bb0f91b209236b57c429389e31290c0093532b8436d577699b2fa/ast_serialize-0.3.0-cp314-cp314t-macosx_11_0_arm64.whl", hash = "sha256:a6fb063bf040abf8321e7b8113a0554eda445ffc508aa51287f8808886a5ae22", size = 1171316, upload-time = "2026-04-30T23:23:59.63Z" },
    { url = "https://files.pythonhosted.org/packages/15/59/fd55133e478c4326f60a11df02573bf7ccb2ac685810b50f1803d0f68053/ast_serialize-0.3.0-cp314-cp314t-manylinux_2_17_aarch64.manylinux2014_aarch64.whl", hash = "sha256:5075cd8482573d743586779e5f9b652a015e37d4e95132d7e5a9bc5c8f483d8f", size = 1232234, upload-time = "2026-04-30T23:24:01.168Z" },
    { url = "https://files.pythonhosted.org/packages/cc/79/0ca1d26357ecb4a697d74d00b73ef3137f24c140424125393a0de820eb09/ast_serialize-0.3.0-cp314-cp314t-manylinux_2_17_armv7l.manylinux2014_armv7l.whl", hash = "sha256:41560b27794f4553b0f77811e9fb325b77db4a2b39018d437e09932275306e66", size = 1233437, upload-time = "2026-04-30T23:24:03.151Z" },
    { url = "https://files.pythonhosted.org/packages/53/3e/7078ec94dd6e124b8e028ac77016a4f13c83fa1c145790f2e68f3816998b/ast_serialize-0.3.0-cp314-cp314t-manylinux_2_17_ppc64le.manylinux2014_ppc64le.whl", hash = "sha256:b967c01ca74909c5d90e0fe4393401e2cc5da5ebd9a6262a19e45ffd3757dec8", size = 1440188, upload-time = "2026-04-30T23:24:04.717Z" },
    { url = "https://files.pythonhosted.org/packages/21/16/cca7195ef55a012f8013c3442afa91d287a0a36dcf88b480b262475135b3/ast_serialize-0.3.0-cp314-cp314t-manylinux_2_17_s390x.manylinux2014_s390x.whl", hash = "sha256:424ebb8f46cd993f7cec4009d119312d8433dd90e6b0df0499cd2c91bdcc5af9", size = 1254211, upload-time = "2026-04-30T23:24:06.18Z" },
    { url = "https://files.pythonhosted.org/packages/a0/0f/f3d4dfae67dee6580534361a6343367d34217e7d25cff858bd1d8f03b8ed/ast_serialize-0.3.0-cp314-cp314t-manylinux_2_17_x86_64.manylinux2014_x86_64.whl", hash = "sha256:d14b1d566b56e2ee70b11fec1de7e0b94ec7cd83717ec7d189967841a361190e", size = 1255973, upload-time = "2026-04-30T23:24:07.772Z" },
    { url = "https://files.pythonhosted.org/packages/14/41/55fbfe02c42f40fbe3e74eda167d977d555ff720ce1abfa08515236efd88/ast_serialize-0.3.0-cp314-cp314t-manylinux_2_5_i686.manylinux1_i686.whl", hash = "sha256:7ba30b18735f047ec11103d1ab92f4789cf1fea1e0dc89b04a2f5a0632fd79de", size = 1298629, upload-time = "2026-04-30T23:24:09.4Z" },
    { url = "https://files.pythonhosted.org/packages/28/36/7d2501cacc7989fb8504aa9da2a2022a174200a59d4e6639de4367a57fdd/ast_serialize-0.3.0-cp314-cp314t-musllinux_1_2_aarch64.whl", hash = "sha256:e6ea0754cb7b0f682ebb005ffb0d18f8d17993490d9c289863cd69cacc4ab8df", size = 1408435, upload-time = "2026-04-30T23:24:11.013Z" },
    { url = "https://files.pythonhosted.org/packages/03/e7/54e3b469c3fa0bf9cd532fa643d1d33b73303f8d70beac3e366b68dd64b7/ast_serialize-0.3.0-cp314-cp314t-musllinux_1_2_armv7l.whl", hash = "sha256:a0c5aa1073a5ba7b2abaa4b54abe8b8d75c4d1e2d54a2ff70b0ca6222fea5728", size = 1508174, upload-time = "2026-04-30T23:24:12.635Z" },
    { url = "https://files.pythonhosted.org/packages/b5/2a/9b9621865b02c60539e26d9b114a312b4fa46aa703e33e79317174bfea21/ast_serialize-0.3.0-cp314-cp314t-musllinux_1_2_i686.whl", hash = "sha256:4e52650d834c1ea7791969a361de2c54c13b2fb4c519ec79445fa8b9021a147d", size = 1502354, upload-time = "2026-04-30T23:24:14.186Z" },
    { url = "https://files.pythonhosted.org/packages/34/dd/f138bc5c43b0c414fdd12eefe15677839323078b6e75301ad7f96cd26d45/ast_serialize-0.3.0-cp314-cp314t-musllinux_1_2_x86_64.whl", hash = "sha256:15bd6af3f136c61dae27805eb6b8f3269e85a545c4c27ffe9e530ead78d2b36d", size = 1450504, upload-time = "2026-04-30T23:24:16.076Z" },
    { url = "https://files.pythonhosted.org/packages/68/cf/97ef9e1c315601db74365955c8edd3292e3055500d6317602815dbdf08ae/ast_serialize-0.3.0-cp314-cp314t-win32.whl", hash = "sha256:d188bfe37b674b49708497683051d4b571366a668799c9b8e8a94513694969d9", size = 1058662, upload-time = "2026-04-30T23:24:17.535Z" },
    { url = "https://files.pythonhosted.org/packages/f8/d6/e2c3483c31580fdb623f92ad38d2f856cde4b9205a3e6bd84760f3de7d82/ast_serialize-0.3.0-cp314-cp314t-win_amd64.whl", hash = "sha256:5832c2fdf8f8a6cf682b4cfcf677f5eaf39b4ddbc490f5480cfccdd1e7ce8fa1", size = 1100349, upload-time = "2026-04-30T23:24:18.992Z" },
    { url = "https://files.pythonhosted.org/packages/ab/89/29abcb1fe18a429cda60c6e0bbd1d6e90499339842a2f548d7567542357e/ast_serialize-0.3.0-cp314-cp314t-win_arm64.whl", hash = "sha256:670f177188d128fb7f9f15b5ad0e1b553d22c34e3f584dcb83eb8077600437f0", size = 1072895, upload-time = "2026-04-30T23:24:20.706Z" },
    { url = "https://files.pythonhosted.org/packages/bc/93/72abad83966ed6235647c9f956417dc1e17e997696388521910e3d1fa3f4/ast_serialize-0.3.0-cp39-abi3-macosx_10_12_x86_64.whl", hash = "sha256:2ec2fafa5e4313cc8feed96e436ebe19ac7bc6fa41fbc2827e826c48b9e4c3a9", size = 1190024, upload-time = "2026-04-30T23:24:22.486Z" },
    { url = "https://files.pythonhosted.org/packages/85/4f/eb88584b2f0234e581762011208ca203252bf6c98e59b4769daa571f3576/ast_serialize-0.3.0-cp39-abi3-macosx_11_0_arm64.whl", hash = "sha256:ef6d3c08b7b4cd29b48410338e134764a00e76d25841eb02c1084e868c888ecc", size = 1178633, upload-time = "2026-04-30T23:24:24.35Z" },
    { url = "https://files.pythonhosted.org/packages/56/51/cf1ec1ff3e616373d0dcbd5fad502e0029dc541f13ab642259762a7d127f/ast_serialize-0.3.0-cp39-abi3-manylinux_2_17_aarch64.manylinux2014_aarch64.whl", hash = "sha256:3d841424f41b886e98044abc80769c14a956e6e5ccd5fb5b0d9f5ead72be18a4", size = 1241351, upload-time = "2026-04-30T23:24:25.987Z" },
    { url = "https://files.pythonhosted.org/packages/0d/44/68fcf50478cf1093f2d423f034ae06453122c8b415d8e21a44668eca485d/ast_serialize-0.3.0-cp39-abi3-manylinux_2_17_armv7l.manylinux2014_armv7l.whl", hash = "sha256:d21453734ad39367ede5d37efe4f59f830ce1c09f432fc72a90e368f77a4a3e7", size = 1239582, upload-time = "2026-04-30T23:24:27.808Z" },
    { url = "https://files.pythonhosted.org/packages/9d/c1/a6c9fa284eceb5fc6f21347e968445a051d7ca2c4d34e6a04314646dbcee/ast_serialize-0.3.0-cp39-abi3-manylinux_2_17_ppc64le.manylinux2014_ppc64le.whl", hash = "sha256:f5e110cdce2a347e1dd987529c88ef54d26f67848dce3eba1b3b2cc2cf085c94", size = 1448853, upload-time = "2026-04-30T23:24:29.534Z" },
    { url = "https://files.pythonhosted.org/packages/23/5f/8ad3829a09e4e8c5328a53ce7d4711d660944e3e164c5f6abcc2c8f27167/ast_serialize-0.3.0-cp39-abi3-manylinux_2_17_s390x.manylinux2014_s390x.whl", hash = "sha256:3b6e23a98e57560a055f5c4b68700a0fd5ce483d2814c23140b3638c7f5d1e61", size = 1262204, upload-time = "2026-04-30T23:24:31.482Z" },
    { url = "https://files.pythonhosted.org/packages/25/13/44aa28d97f10e25247e8576b5f6b2795d4fa1a80acc88acc942c508d06f7/ast_serialize-0.3.0-cp39-abi3-manylinux_2_17_x86_64.manylinux2014_x86_64.whl", hash = "sha256:c1c9e763d70293d65ce1e1ea8c943140c68d0953f0268c7ee0998f2e07f77dd0", size = 1266458, upload-time = "2026-04-30T23:24:33.088Z" },
    { url = "https://files.pythonhosted.org/packages/d8/58/b3a8be3777cd3744324fd5cec0d80d37cd96fc7cbb0fb010e03dff1e870f/ast_serialize-0.3.0-cp39-abi3-manylinux_2_5_i686.manylinux1_i686.whl", hash = "sha256:4388a1796c228f1ce5c391426f7d21a0003ad3b47f677dbeded9bd1a85c7209f", size = 1308700, upload-time = "2026-04-30T23:24:34.657Z" },
    { url = "https://files.pythonhosted.org/packages/13/03/f8312d6b57f5471a9dc7946f22b8798a1fc296d38c25766223aacadec42c/ast_serialize-0.3.0-cp39-abi3-musllinux_1_2_aarch64.whl", hash = "sha256:5283cdcc0c64c3d8b9b688dc6aaa012d9c0cf1380a7f774a6bae6a1c01b3205a", size = 1416724, upload-time = "2026-04-30T23:24:36.562Z" },
    { url = "https://files.pythonhosted.org/packages/50/5d/13fc3789a7abac00559da2e2e9f386db4612aa1f84fc53d09bf714c37545/ast_serialize-0.3.0-cp39-abi3-musllinux_1_2_armv7l.whl", hash = "sha256:f5ef88cc5842a5d7a6ac09dc0d5fc2c98f5d276c1f076f866d55047ce886785b", size = 1515441, upload-time = "2026-04-30T23:24:38.018Z" },
    { url = "https://files.pythonhosted.org/packages/eb/b9/7ab43fc7a23b1f970281093228f5f79bed6edeed7a3e672bde6d7a832a58/ast_serialize-0.3.0-cp39-abi3-musllinux_1_2_i686.whl", hash = "sha256:cc14bf402bdc0978594ecce783793de2c7470cd4f5cd7eb286ca97ed8ff7cba9", size = 1510522, upload-time = "2026-04-30T23:24:39.798Z" },
    { url = "https://files.pythonhosted.org/packages/56/ec/d75fc2b788d319f1fad77c14156896f31afdfc68af85b505e5bdebcb9592/ast_serialize-0.3.0-cp39-abi3-musllinux_1_2_x86_64.whl", hash = "sha256:11eae0cf1b7b3e0678133cc2daa974ea972caf02eb4b3aa062af6fa9acd52c57", size = 1460917, upload-time = "2026-04-30T23:24:41.305Z" },
    { url = "https://files.pythonhosted.org/packages/95/74/f99c81193a2725911e1911ae567ed27c2f2419332c7f3537366f9d238cac/ast_serialize-0.3.0-cp39-abi3-win32.whl", hash = "sha256:2db3dd99de5e6a5a11d7dda73de8750eb6e5baaf25245adf7bdcfe64b6108ae2", size = 1067804, upload-time = "2026-04-30T23:24:43.091Z" },
    { url = "https://files.pythonhosted.org/packages/16/81/76af00c47daa151e89f98ae21fbbcb2840aaa9f5766579c4da76a3c57188/ast_serialize-0.3.0-cp39-abi3-win_amd64.whl", hash = "sha256:a2cd125adccf7969470621905d302750cd25951f22ea430d9a25b7be031e5549", size = 1105561, upload-time = "2026-04-30T23:24:44.578Z" },
    { url = "https://files.pythonhosted.org/packages/bd/46/d3ec57ad500f598d1554bd14ce4df615960549ab2844961bc4e1f5fbd174/ast_serialize-0.3.0-cp39-abi3-win_arm64.whl", hash = "sha256:0dd00da29985f15f50dc35728b7e1e7c84507bccfea1d9914738530f1c72238a", size = 1077165, upload-time = "2026-04-30T23:24:46.377Z" },
]

[[package]]
name = "ffmpeg-python"
version = "0.2.0"
source = { registry = "https://pypi.org/simple" }
dependencies = [
    { name = "future" },
]
sdist = { url = "https://files.pythonhosted.org/packages/dd/5e/d5f9105d59c1325759d838af4e973695081fbbc97182baf73afc78dec266/ffmpeg-python-0.2.0.tar.gz", hash = "sha256:65225db34627c578ef0e11c8b1eb528bb35e024752f6f10b78c011f6f64c4127", size = 21543, upload-time = "2019-07-06T00:19:08.989Z" }
wheels = [
    { url = "https://files.pythonhosted.org/packages/d7/0c/56be52741f75bad4dc6555991fabd2e07b432d333da82c11ad701123888a/ffmpeg_python-0.2.0-py3-none-any.whl", hash = "sha256:ac441a0404e053f8b6a1113a77c0f452f1cfc62f6344a769475ffdc0f56c23c5", size = 25024, upload-time = "2019-07-06T00:19:07.215Z" },
]

[[package]]
name = "future"
version = "1.0.0"
source = { registry = "https://pypi.org/simple" }
sdist = { url = "https://files.pythonhosted.org/packages/a7/b2/4140c69c6a66432916b26158687e821ba631a4c9273c474343badf84d3ba/future-1.0.0.tar.gz", hash = "sha256:bd2968309307861edae1458a4f8a4f3598c03be43b97521076aebf5d94c07b05", size = 1228490, upload-time = "2024-02-21T11:52:38.461Z" }
wheels = [
    { url = "https://files.pythonhosted.org/packages/da/71/ae30dadffc90b9006d77af76b393cb9dfbfc9629f339fc1574a1c52e6806/future-1.0.0-py3-none-any.whl", hash = "sha256:929292d34f5872e70396626ef385ec22355a1fae8ad29e1a734c3e43f9fbc216", size = 491326, upload-time = "2024-02-21T11:52:35.956Z" },
]

[[package]]
name = "librt"
version = "0.10.0"
source = { registry = "https://pypi.org/simple" }
sdist = { url = "https://files.pythonhosted.org/packages/39/cb/c1945e506893b5b8577fb45a60c80e3ffe4a82092a04a6f29b0b951d9a24/librt-0.10.0.tar.gz", hash = "sha256:1aba1e8aa4e3307a7be68a74149545fde7451964dc0235a8bec5704a17bdda42", size = 191799, upload-time = "2026-05-05T16:31:23.535Z" }
wheels = [
    { url = "https://files.pythonhosted.org/packages/e5/29/681a75c82f4cc90d29e4b257a3299b79fe13fe927a04c57b8109d70b6957/librt-0.10.0-cp313-cp313-macosx_10_13_x86_64.whl", hash = "sha256:f0ede79d682e73f91c1b599a76d78b7464b9b5d213754cedb13372d9df36e596", size = 77299, upload-time = "2026-05-05T16:30:00.209Z" },
    { url = "https://files.pythonhosted.org/packages/62/24/0c7ca445a55d04be79cac19819437fd094782347fa116f6681844fa6143e/librt-0.10.0-cp313-cp313-macosx_11_0_arm64.whl", hash = "sha256:e0ba0b131fdb336c8b9c948e397f4a7e649d0f783b529f07b647bf4961df392e", size = 79930, upload-time = "2026-05-05T16:30:01.555Z" },
    { url = "https://files.pythonhosted.org/packages/fe/1f/1e2b8f6443ef9e9a81e89486ca70e22f3684f93db003ce6eaefc3d0839b9/librt-0.10.0-cp313-cp313-manylinux2014_aarch64.manylinux_2_17_aarch64.manylinux_2_28_aarch64.whl", hash = "sha256:2728117da2afb96fb957768725ee43dc9a2d73b031e02da424b818a3cdd3a275", size = 246195, upload-time = "2026-05-05T16:30:03.261Z" },
    { url = "https://files.pythonhosted.org/packages/74/61/9dc9e03de0439ad84c1c240aac8b747f12c90cb797ea6042f7bdb8d3410f/librt-0.10.0-cp313-cp313-manylinux2014_i686.manylinux_2_17_i686.manylinux_2_28_i686.whl", hash = "sha256:723ba80594c49cdf0584196fc430752262605dc9449902fc9bd3d9b79976cb77", size = 234951, upload-time = "2026-05-05T16:30:04.881Z" },
    { url = "https://files.pythonhosted.org/packages/55/f4/635223117d7590875bca441275065a3bf491203ad4208bd1cc3ffd90c5a1/librt-0.10.0-cp313-cp313-manylinux2014_x86_64.manylinux_2_17_x86_64.manylinux_2_28_x86_64.whl", hash = "sha256:7292edaaca294a61a978c53a3c7d6130d099b0dfbc8f0a65916cdc6b891b9852", size = 262768, upload-time = "2026-05-05T16:30:06.638Z" },
    { url = "https://files.pythonhosted.org/packages/e5/66/b04152d0cd8b6ca2b428a8bd3230343230c35ed304a932f35b5375f2f828/librt-0.10.0-cp313-cp313-manylinux_2_31_riscv64.manylinux_2_39_riscv64.whl", hash = "sha256:89fe9d539f2c10a1666633eeeac507ce95dd06d9ecc58de3c6390dba156a3d3a", size = 255075, upload-time = "2026-05-05T16:30:08.216Z" },
    { url = "https://files.pythonhosted.org/packages/35/1e/25bac4c7f2ca36f0e612cade186970683cf79153d96beccc3a11a9e19b97/librt-0.10.0-cp313-cp313-musllinux_1_2_aarch64.whl", hash = "sha256:4efa7b9587503fa5b67f40593302b9c8836d211d222ff9f7cafe67be5f8f0b10", size = 268559, upload-time = "2026-05-05T16:30:10.1Z" },
    { url = "https://files.pythonhosted.org/packages/18/54/4601faab35b6632a13200faa146ca62bfd111ffbe2568be430d65c89493a/librt-0.10.0-cp313-cp313-musllinux_1_2_i686.whl", hash = "sha256:22dc982ef59df0136df36092ccbdbb570ced8aafb33e49585739b2f1de1c13b6", size = 261753, upload-time = "2026-05-05T16:30:11.912Z" },
    { url = "https://files.pythonhosted.org/packages/1b/cf/39f4023509e94fade8b074666fa3292db9cb6b34ea5dcbe7af53df9fca1d/librt-0.10.0-cp313-cp313-musllinux_1_2_riscv64.whl", hash = "sha256:6f2e5f3606253a84cea719c94a3bb1c54487b5d617d0254d46e0920d8a06be3f", size = 264055, upload-time = "2026-05-05T16:30:13.465Z" },
    { url = "https://files.pythonhosted.org/packages/8e/00/40247209fc46a8e308a91412d5206aedf8efb667ee89eb625820106a5c2f/librt-0.10.0-cp313-cp313-musllinux_1_2_x86_64.whl", hash = "sha256:40884bfaa1e29f6b6a9be255007d8f359bfc9e61d68bdef8ed3158bfcbc95df9", size = 286190, upload-time = "2026-05-05T16:30:15.073Z" },
    { url = "https://files.pythonhosted.org/packages/d8/6e/5566beb94431a985abe1787af5ef86e087750172ff9d0bbf20f93e88132d/librt-0.10.0-cp313-cp313-win32.whl", hash = "sha256:3cd34cd8254eba756660bff6c2da91278248184301054fe3e4feb073bdd49b14", size = 62949, upload-time = "2026-05-05T16:30:16.503Z" },
    { url = "https://files.pythonhosted.org/packages/d0/c2/3ea3301d6c8dff51d39dbe8ed75db3dc92896947d4afb5eeadf821c1e67f/librt-0.10.0-cp313-cp313-win_amd64.whl", hash = "sha256:7baac5313e2d8dce1386f97777a8d03ab28f5fe1e780b3b9ac2ee7544551fedc", size = 71152, upload-time = "2026-05-05T16:30:17.766Z" },
    { url = "https://files.pythonhosted.org/packages/3c/de/5d49cb92cadcbc77d3abc27b93fd6030ed8437487dde2eae38cab5e6704d/librt-0.10.0-cp313-cp313-win_arm64.whl", hash = "sha256:afc5b4406c8e2515698d922a5c7823a009312835ea58196671fff40e35cb8166", size = 61336, upload-time = "2026-05-05T16:30:19.021Z" },
    { url = "https://files.pythonhosted.org/packages/6a/64/7165e08108cc185a13a9c069f0685e6ef92e70e07fddf7edf5e7348c6316/librt-0.10.0-cp314-cp314-macosx_10_13_x86_64.whl", hash = "sha256:f09588a30e6a22ec624090d72a3ab1a6d4d5485c3ed739603e76aa3c16efa688", size = 76794, upload-time = "2026-05-05T16:30:20.392Z" },
    { url = "https://files.pythonhosted.org/packages/ae/ef/bf8613febf651b90c5222ee79dea5ae58d4cc2b544df69d3033424448934/librt-0.10.0-cp314-cp314-macosx_11_0_arm64.whl", hash = "sha256:131ade118d12bd7a0adc4e655474a553f1b76cf78385868885944d21d51e45e0", size = 79662, upload-time = "2026-05-05T16:30:22.025Z" },
    { url = "https://files.pythonhosted.org/packages/b6/67/9eddd165c1d8397bdf99b38bf12b5a55b3def5035b49eedb49f2775d1430/librt-0.10.0-cp314-cp314-manylinux2014_aarch64.manylinux_2_17_aarch64.manylinux_2_28_aarch64.whl", hash = "sha256:b8b9ab28e40d011c373a189eae900c916e66d6fbecf7983e9e4883089ee085ef", size = 242390, upload-time = "2026-05-05T16:30:23.51Z" },
    { url = "https://files.pythonhosted.org/packages/10/d1/d95da80334501866cd37004ab5d7483220d05862fab4b5405394f0264f0d/librt-0.10.0-cp314-cp314-manylinux2014_i686.manylinux_2_17_i686.manylinux_2_28_i686.whl", hash = "sha256:67c39bb30da73bae1f293d1ed8bc2f8f6642649dd0928d3600aeff3041ac23d6", size = 232603, upload-time = "2026-05-05T16:30:25.198Z" },
    { url = "https://files.pythonhosted.org/packages/0c/fa/e6d64d28718bc1be4e1736fcb037ca1c4dfca927e7167df75a7d5215665e/librt-0.10.0-cp314-cp314-manylinux2014_x86_64.manylinux_2_17_x86_64.manylinux_2_28_x86_64.whl", hash = "sha256:8c3273c6b774614f093c8927c2bf1b077d0fefde988fe98f46a333734e5597ab", size = 259187, upload-time = "2026-05-05T16:30:26.772Z" },
    { url = "https://files.pythonhosted.org/packages/72/3f/3fdb77e7f937dad59cfd76b720be7e7643400ec76b2da35befab8d66ba30/librt-0.10.0-cp314-cp314-manylinux_2_31_riscv64.manylinux_2_39_riscv64.whl", hash = "sha256:9dd7c1b86a4baa583ab5db977484b93a2c474e69e96ef3e9538387ea54229cb9", size = 251846, upload-time = "2026-05-05T16:30:28.56Z" },
    { url = "https://files.pythonhosted.org/packages/18/ca/f4d49133dd86a6f55d79eca30bf412fa722f511a9abe67f62f57aa64e66a/librt-0.10.0-cp314-cp314-musllinux_1_2_aarch64.whl", hash = "sha256:a77385c5a202e831149f7ad03be9e67cf80e957e52c614e83dcb822c95222eb8", size = 264936, upload-time = "2026-05-05T16:30:30.491Z" },
    { url = "https://files.pythonhosted.org/packages/de/66/a8df2fbadc1f6c1827a096d11c40175bd526133480bd3bc88ec64a03d257/librt-0.10.0-cp314-cp314-musllinux_1_2_i686.whl", hash = "sha256:c6a5eafa74b5655bad59886138ed68426f098a6beb8cb95a71f2cc3cd8bb33fe", size = 258699, upload-time = "2026-05-05T16:30:32.002Z" },
    { url = "https://files.pythonhosted.org/packages/bb/73/1e3c83613fe05451bb969e27b68a573d177f08d5f63533cc29fec0989658/librt-0.10.0-cp314-cp314-musllinux_1_2_riscv64.whl", hash = "sha256:1fc93d0439204c50ab4d1512611ce2c206f1b369b419f69c7c27c761561e3291", size = 259825, upload-time = "2026-05-05T16:30:35.077Z" },
    { url = "https://files.pythonhosted.org/packages/09/24/5e2f926ee9d3ef348d9339526d7062abb5c44d8419e3179528c01d78c102/librt-0.10.0-cp314-cp314-musllinux_1_2_x86_64.whl", hash = "sha256:79e713c178bc7a744adfbee6b4619a288eecc0c914da2a9313a20255abe2f0cf", size = 282548, upload-time = "2026-05-05T16:30:36.639Z" },
    { url = "https://files.pythonhosted.org/packages/fc/7d/3e89ed6ad0162561fa8bef9df3195e24263104c955713cd0237d3711fad2/librt-0.10.0-cp314-cp314-win32.whl", hash = "sha256:2eba9d955a68c41d9f326be3da42f163ec3518b7ab20f1c826224e7bed71e0bf", size = 58970, upload-time = "2026-05-05T16:30:38.183Z" },
    { url = "https://files.pythonhosted.org/packages/76/25/579e731c94a7086a268bfa3e7a4945cd47836bebd3cbf3faeafd2e7eaef9/librt-0.10.0-cp314-cp314-win_amd64.whl", hash = "sha256:cbfaf7f5145e9917f5d18bffa298eff6a19d74e7b8b11dabdca95785befe8dbf", size = 67260, upload-time = "2026-05-05T16:30:39.804Z" },
    { url = "https://files.pythonhosted.org/packages/6e/f8/235822b7ae0b2334f12ee18bcf2476d07924077a5efeea57dbe927704be2/librt-0.10.0-cp314-cp314-win_arm64.whl", hash = "sha256:8d6d385d1969849a6b1397114df22714b6ded917bada98668e3e974dc663477e", size = 57156, upload-time = "2026-05-05T16:30:41.412Z" },
    { url = "https://files.pythonhosted.org/packages/9f/e3/9b919cbf1e8eb770bf91bb7df28125e0f1daf4587169afefd95402636e9a/librt-0.10.0-cp314-cp314t-macosx_10_13_x86_64.whl", hash = "sha256:6c3a82d3bd32631ef5c79922dfc028520c9ad840255979ab4d908271818039ee", size = 79150, upload-time = "2026-05-05T16:30:42.761Z" },
    { url = "https://files.pythonhosted.org/packages/6a/f5/72a944aa3bc3498169a168087eff58ca48b58bf1b704e59d091fd30739f3/librt-0.10.0-cp314-cp314t-macosx_11_0_arm64.whl", hash = "sha256:d64cc66005dc324c9bb1fa3fc2841f529002f6eb15966d55e46d430f56955a6a", size = 82304, upload-time = "2026-05-05T16:30:44.082Z" },
    { url = "https://files.pythonhosted.org/packages/9c/e3/fcc290a33e295019759472dfa794d204e43504b276ac65eab7fd9da20ea3/librt-0.10.0-cp314-cp314t-manylinux2014_aarch64.manylinux_2_17_aarch64.manylinux_2_28_aarch64.whl", hash = "sha256:9bb562cd28c88cd2c6a9a6c78f99dc39348d6b16c94adc25de0e574acf1176e9", size = 272556, upload-time = "2026-05-05T16:30:45.497Z" },
    { url = "https://files.pythonhosted.org/packages/fd/54/546975e4c997573885e7f040a05012f8838e06fb12b0c3c1fbb76254e9d7/librt-0.10.0-cp314-cp314t-manylinux2014_i686.manylinux_2_17_i686.manylinux_2_28_i686.whl", hash = "sha256:b809aa2854d019c28773b03605df22adc675ee4f3f4402d673581313e8906119", size = 256941, upload-time = "2026-05-05T16:30:47.059Z" },
    { url = "https://files.pythonhosted.org/packages/70/8c/f1d03401571b331653acddbd4e8cd955c06d945241dd08b25192fac0d04b/librt-0.10.0-cp314-cp314t-manylinux2014_x86_64.manylinux_2_17_x86_64.manylinux_2_28_x86_64.whl", hash = "sha256:cc15acabdd519bd4176fdadc2119e5e3093485d86f89138daf47e5b4cedb983a", size = 285855, upload-time = "2026-05-05T16:30:48.86Z" },
    { url = "https://files.pythonhosted.org/packages/0c/08/62cf80ff046c339faf56718b3a940244d4beb70f1c6407289b5830ec11e9/librt-0.10.0-cp314-cp314t-manylinux_2_31_riscv64.manylinux_2_39_riscv64.whl", hash = "sha256:b1b2d835307d08ddadd94568e2369648ec9173bd3eea6d7f52a1abe717c81f98", size = 275321, upload-time = "2026-05-05T16:30:50.63Z" },
    { url = "https://files.pythonhosted.org/packages/d9/ea/da5918d4070362e9a4d2ee9cd34f9dc84902daad8fd4275f8504a727ff4e/librt-0.10.0-cp314-cp314t-musllinux_1_2_aarch64.whl", hash = "sha256:d261c6a2f93335a5167887fb0223e8b98ffce20ee3fde242e8e58a37ece6d0e5", size = 293993, upload-time = "2026-05-05T16:30:52.577Z" },
    { url = "https://files.pythonhosted.org/packages/c9/8d/68b6086bed1fcdc314c640ea04e31e52d18052e08059fa595409d66a51a9/librt-0.10.0-cp314-cp314t-musllinux_1_2_i686.whl", hash = "sha256:e2ffd44963f8e7f68995504d90f9881d64e94dc1d8e310039b9526108fc0c0f7", size = 284254, upload-time = "2026-05-05T16:30:55.086Z" },
    { url = "https://files.pythonhosted.org/packages/06/c8/b810f1d84ec34a5a7ed93d7b510ab04164d75fbdf23088d5c3fbe6b08357/librt-0.10.0-cp314-cp314t-musllinux_1_2_riscv64.whl", hash = "sha256:5f285f6455ed495791c4d8630e5af732960adea93cac4c893d15619f2eae53e8", size = 284925, upload-time = "2026-05-05T16:30:56.728Z" },
    { url = "https://files.pythonhosted.org/packages/5a/00/3c82d4158c5a2c62528b8fccce65a8c9ad700e480e86f9389387435089a5/librt-0.10.0-cp314-cp314t-musllinux_1_2_x86_64.whl", hash = "sha256:f6034ff52e663d34c7b82ef2aa2f94ad7c1d939e2368e63b06844bc4d127d2e1", size = 307830, upload-time = "2026-05-05T16:30:58.377Z" },
    { url = "https://files.pythonhosted.org/packages/99/3a/9c635ac3e8a00383ff689161d3eac8a30b3b2ddc711b40471e6b8983ea29/librt-0.10.0-cp314-cp314t-win32.whl", hash = "sha256:657860fd877fba6a241ea088ef99f63ca819945d3c715265da670bad56c37ebe", size = 60147, upload-time = "2026-05-05T16:31:00.293Z" },
    { url = "https://files.pythonhosted.org/packages/dc/e8/6f65f3e565d4ac212cddddd552eacc8035ffdf941ca0ad6fe945a211d41f/librt-0.10.0-cp314-cp314t-win_amd64.whl", hash = "sha256:56ded2d66010203a0cb5af063b609e3f079531a0e5e576d618dece859fd2e1af", size = 68649, upload-time = "2026-05-05T16:31:01.778Z" },
    { url = "https://files.pythonhosted.org/packages/51/78/a0705a67cacd81e5fa01a5035b3adbdfbb43a7b8d4bd27e2b282ae61baf2/librt-0.10.0-cp314-cp314t-win_arm64.whl", hash = "sha256:1ee63f30abf18ed4830fdbaf87b2b6f4bba1e198d46085c314edde4045e56715", size = 58247, upload-time = "2026-05-05T16:31:03.191Z" },
]

[[package]]
name = "mypy"
version = "2.0.0"
source = { registry = "https://pypi.org/simple" }
dependencies = [
    { name = "ast-serialize" },
    { name = "librt", marker = "platform_python_implementation != 'PyPy'" },
    { name = "mypy-extensions" },
    { name = "pathspec" },
    { name = "typing-extensions" },
]
sdist = { url = "https://files.pythonhosted.org/packages/cf/dc/7e6d49f04fca40b9dd5c752a51a432ffe67fb45200702bc9eee0cb4bbb26/mypy-2.0.0.tar.gz", hash = "sha256:1a9e3900ac5c40f1fe813506c7739da6e6f0eab2729067ebd94bfb0bbba53532", size = 3869036, upload-time = "2026-05-06T19:26:43.22Z" }
wheels = [
    { url = "https://files.pythonhosted.org/packages/e5/c6/996a1e535e5d0d597c3b1460fc962733091f885f312e749350eb2ac10965/mypy-2.0.0-cp313-cp313-macosx_10_13_x86_64.whl", hash = "sha256:9ef5f581b61240d1cc629b12f8df6565ed6ffac0d82ed745eef7833222ab50b9", size = 14737259, upload-time = "2026-05-06T19:20:23.081Z" },
    { url = "https://files.pythonhosted.org/packages/94/c5/0f9460e26b77f434bd53f47d1ce32a3cd4580c92a5331fa5dfc059f9421a/mypy-2.0.0-cp313-cp313-macosx_11_0_arm64.whl", hash = "sha256:20e3470a165dbc249bdfbe8d1c5172727ef22688cffc279f8c3aa264ab9d4d9a", size = 13538377, upload-time = "2026-05-06T19:21:08.804Z" },
    { url = "https://files.pythonhosted.org/packages/b2/3e/8ea2f8dd1e5c9c279fb3c28193bdb850adf4d3d8172880abad829eced609/mypy-2.0.0-cp313-cp313-manylinux2014_aarch64.manylinux_2_17_aarch64.manylinux_2_28_aarch64.whl", hash = "sha256:224ba142eee8b4d65d4db657cb1fc22abec30b135ded6ab297302ba1f62e505d", size = 13914264, upload-time = "2026-05-06T19:24:12.875Z" },
    { url = "https://files.pythonhosted.org/packages/be/ce/78bd3b8520f676acee9dab48ea71473e68f6d5cf14b59fbd800bea50a92b/mypy-2.0.0-cp313-cp313-manylinux2014_x86_64.manylinux_2_17_x86_64.manylinux_2_28_x86_64.whl", hash = "sha256:2e879ad8a03908ff74d15e8a9b42bf049918e6798d52c011011f1873d0b5877e", size = 14926761, upload-time = "2026-05-06T19:20:12.846Z" },
    { url = "https://files.pythonhosted.org/packages/61/ef/b52fa340522da3d22e669117c3b83155c2660f7cdc035856958fbfffb224/mypy-2.0.0-cp313-cp313-musllinux_1_2_x86_64.whl", hash = "sha256:65c5c15bcbd18d6fe927cc55c459597a3517d69cc3123f067be3b020010e115e", size = 15157014, upload-time = "2026-05-06T19:25:49.78Z" },
    { url = "https://files.pythonhosted.org/packages/7a/0c/dde7614250c6d017936c7aa3bb63b9b52c7cfd298d3f1be9be45f307870b/mypy-2.0.0-cp313-cp313-win_amd64.whl", hash = "sha256:d1a068acd7c9fb77e9f8923f1556f2f49d6d7895821121b8d97fa5642b9c52f5", size = 11067049, upload-time = "2026-05-06T19:21:16.116Z" },
    { url = "https://files.pythonhosted.org/packages/27/ec/1d6af4830a94a285442db19caa02f160cc1a255e4f324eec5458e6c2bafb/mypy-2.0.0-cp313-cp313-win_arm64.whl", hash = "sha256:ef9d96da1ddffbc21f27d3939319b6846d12393baa17c4d2f3e81e040e73ce2c", size = 9967903, upload-time = "2026-05-06T19:22:15.52Z" },
    { url = "https://files.pythonhosted.org/packages/ce/2c/6fefe954207860aed6eeb91776795e64a257d3ce0360862288984ce121f5/mypy-2.0.0-cp314-cp314-macosx_10_15_x86_64.whl", hash = "sha256:c918c64e8ce36557851b0347f84eb12f1965d3a06813c36df253eb0c0afd1d82", size = 14729633, upload-time = "2026-05-06T19:24:53.383Z" },
    { url = "https://files.pythonhosted.org/packages/23/d6/d336f5b820af189eb0390cce21de62d264c0a4e64713dfbe81bfc4fc7739/mypy-2.0.0-cp314-cp314-macosx_11_0_arm64.whl", hash = "sha256:301f1a8ccc7d79b542ee218b28bb49443a83e194eb3d10da63ff1649e5aa5d34", size = 13559524, upload-time = "2026-05-06T19:22:24.906Z" },
    { url = "https://files.pythonhosted.org/packages/af/a6/d7bb54fde1770f0484e5fbdbdce37a41e95ed0a1cd493ec60ead111e356c/mypy-2.0.0-cp314-cp314-manylinux2014_aarch64.manylinux_2_17_aarch64.manylinux_2_28_aarch64.whl", hash = "sha256:fdf4ef489d44ce350bac3fd699907834e551d4c934e9cc862ef201215ab1558d", size = 13936018, upload-time = "2026-05-06T19:25:02.992Z" },
    { url = "https://files.pythonhosted.org/packages/7d/ba/5be51316b91e6a6bf6e3a8adb3de500e7e1fb5bf9491743b8cbc81a34a2c/mypy-2.0.0-cp314-cp314-manylinux2014_x86_64.manylinux_2_17_x86_64.manylinux_2_28_x86_64.whl", hash = "sha256:9cde2d0989f912fc850890f727d0d76495e7a6c5bdd9912a1efdb64952b4398d", size = 14910712, upload-time = "2026-05-06T19:25:21.83Z" },
    { url = "https://files.pythonhosted.org/packages/b7/37/e2c8c3b373e20ebfb66e6c83a99027fd67df4ec43b08879f74e822d2dc4c/mypy-2.0.0-cp314-cp314-musllinux_1_2_x86_64.whl", hash = "sha256:cdf05693c231a14fe37dbfce192a3a1372c26a833af4a80f550547742952e719", size = 15141499, upload-time = "2026-05-06T19:20:50.924Z" },
    { url = "https://files.pythonhosted.org/packages/12/36/07756f933e00416d912e35878cfcf89a593a3350a885691c0bb85ae0226a/mypy-2.0.0-cp314-cp314-win_amd64.whl", hash = "sha256:73aee2da33a2237e66cbe84a94780e53599847e86bb3aa7b93e405e8cd9905f2", size = 11240511, upload-time = "2026-05-06T19:21:32.39Z" },
    { url = "https://files.pythonhosted.org/packages/70/05/79ac1f20f2397353f3845f7b8bb5d8006cda7c8ef9092f04f9de3c6135f2/mypy-2.0.0-cp314-cp314-win_arm64.whl", hash = "sha256:1f6dcd8f39971f41edab2728c877c4ac8b50ad3c387ff2770423b79a05d23910", size = 10149336, upload-time = "2026-05-06T19:22:08.383Z" },
    { url = "https://files.pythonhosted.org/packages/53/e0/0db84e0ebbad6e99e566c68e4b465784f2a2294f7719e8db9d509ef23087/mypy-2.0.0-cp314-cp314t-macosx_10_15_x86_64.whl", hash = "sha256:a04e980b9275c76159da66c6e1723c7798306f9802b31bdaf9358d0c84030ce8", size = 15797362, upload-time = "2026-05-06T19:22:00.835Z" },
    { url = "https://files.pythonhosted.org/packages/0a/a4/14cc0768164dd53bec48aa41a20270b18df9bf72aa5054278bf133608315/mypy-2.0.0-cp314-cp314t-macosx_11_0_arm64.whl", hash = "sha256:33f9cf4825469b2bc73c53ba55f6d9a9b4cdb60f9e6e228745581520f29b8771", size = 14635914, upload-time = "2026-05-06T19:23:43.675Z" },
    { url = "https://files.pythonhosted.org/packages/08/48/d866a3e23b4dc5974c77d9cf65a435bf22de01a84dd4620917950e233960/mypy-2.0.0-cp314-cp314t-manylinux2014_aarch64.manylinux_2_17_aarch64.manylinux_2_28_aarch64.whl", hash = "sha256:191675c3c7dc2a5c7722a035a6909c277f14046c5e4e02aa5fbf65f8524f08ad", size = 15270866, upload-time = "2026-05-06T19:22:34.756Z" },
    { url = "https://files.pythonhosted.org/packages/71/eb/de9ef94958eb2078a6b908ceb247757dc384d3a238d3bd6ed7d81de5eaf8/mypy-2.0.0-cp314-cp314t-manylinux2014_x86_64.manylinux_2_17_x86_64.manylinux_2_28_x86_64.whl", hash = "sha256:c3d26c4321a3b06fc9f04c741e0733af693f82d823f8e64e47b2e63b7f19fa84", size = 16093131, upload-time = "2026-05-06T19:23:56.541Z" },
    { url = "https://files.pythonhosted.org/packages/ad/07/0ab2c1a9d26e90942612724cbd5788f16b7810c5dd39bfcf79286c6c4524/mypy-2.0.0-cp314-cp314t-musllinux_1_2_x86_64.whl", hash = "sha256:bbcbc4d5917ca6ce12de70e051de7f533e3bf92d548b41a38a2232a6fe356525", size = 16330685, upload-time = "2026-05-06T19:21:42.037Z" },
    { url = "https://files.pythonhosted.org/packages/a6/8f/46f85d1371a5be642dad263828118ae1efd536d91d8bd2000c68acff3920/mypy-2.0.0-cp314-cp314t-win_amd64.whl", hash = "sha256:dbc6ba6d40572ae49268531565793a8f07eac7fc65ad76d482c9b4c8765b6043", size = 12752017, upload-time = "2026-05-06T19:22:44.002Z" },
    { url = "https://files.pythonhosted.org/packages/7a/e6/94ca48800cac19eb28a58188a768aaec0d16cac0f373915f073058ab0855/mypy-2.0.0-cp314-cp314t-win_arm64.whl", hash = "sha256:77926029dfcb7e1a3ecb0acb2ddbb24ca36be03f7d623e1759ad5376be8f6c01", size = 10527097, upload-time = "2026-05-06T19:20:58.973Z" },
    { url = "https://files.pythonhosted.org/packages/5c/14/fd0694aa594d6e9f9fd16ce821be2eff295197a273262ef56ddcc1388d68/mypy-2.0.0-py3-none-any.whl", hash = "sha256:8a92b2be3146b4fa1f062af7eb05574cbf3e6eb8e1f14704af1075423144e4e5", size = 2673434, upload-time = "2026-05-06T19:26:32.856Z" },
]

[[package]]
name = "mypy-extensions"
version = "1.1.0"
source = { registry = "https://pypi.org/simple" }
sdist = { url = "https://files.pythonhosted.org/packages/a2/6e/371856a3fb9d31ca8dac321cda606860fa4548858c0cc45d9d1d4ca2628b/mypy_extensions-1.1.0.tar.gz", hash = "sha256:52e68efc3284861e772bbcd66823fde5ae21fd2fdb51c62a211403730b916558", size = 6343, upload-time = "2025-04-22T14:54:24.164Z" }
wheels = [
    { url = "https://files.pythonhosted.org/packages/79/7b/2c79738432f5c924bef5071f933bcc9efd0473bac3b4aa584a6f7c1c8df8/mypy_extensions-1.1.0-py3-none-any.whl", hash = "sha256:1be4cccdb0f2482337c4743e60421de3a356cd97508abadd57d47403e94f5505", size = 4963, upload-time = "2025-04-22T14:54:22.983Z" },
]

[[package]]
name = "pathspec"
version = "1.1.1"
source = { registry = "https://pypi.org/simple" }
sdist = { url = "https://files.pythonhosted.org/packages/5a/82/42f767fc1c1143d6fd36efb827202a2d997a375e160a71eb2888a925aac1/pathspec-1.1.1.tar.gz", hash = "sha256:17db5ecd524104a120e173814c90367a96a98d07c45b2e10c2f3919fff91bf5a", size = 135180, upload-time = "2026-04-27T01:46:08.907Z" }
wheels = [
    { url = "https://files.pythonhosted.org/packages/f1/d9/7fb5aa316bc299258e68c73ba3bddbc499654a07f151cba08f6153988714/pathspec-1.1.1-py3-none-any.whl", hash = "sha256:a00ce642f577bf7f473932318056212bc4f8bfdf53128c78bbd5af0b9b20b189", size = 57328, upload-time = "2026-04-27T01:46:07.06Z" },
]

[[package]]
name = "ruff"
version = "0.15.12"
source = { registry = "https://pypi.org/simple" }
sdist = { url = "https://files.pythonhosted.org/packages/99/43/3291f1cc9106f4c63bdce7a8d0df5047fe8422a75b091c16b5e9355e0b11/ruff-0.15.12.tar.gz", hash = "sha256:ecea26adb26b4232c0c2ca19ccbc0083a68344180bba2a600605538ce51a40a6", size = 4643852, upload-time = "2026-04-24T18:17:14.305Z" }
wheels = [
    { url = "https://files.pythonhosted.org/packages/c3/6e/e78ffb61d4686f3d96ba3df2c801161843746dcbcbb17a1e927d4829312b/ruff-0.15.12-py3-none-linux_armv6l.whl", hash = "sha256:f86f176e188e94d6bdbc09f09bfd9dc729059ad93d0e7390b5a73efe19f8861c", size = 10640713, upload-time = "2026-04-24T18:17:22.841Z" },
    { url = "https://files.pythonhosted.org/packages/ae/08/a317bc231fb9e7b93e4ef3089501e51922ff88d6936ce5cf870c4fe55419/ruff-0.15.12-py3-none-macosx_10_12_x86_64.whl", hash = "sha256:e3bcd123364c3770b8e1b7baaf343cc99a35f197c5c6e8af79015c666c423a6c", size = 11069267, upload-time = "2026-04-24T18:17:30.105Z" },
    { url = "https://files.pythonhosted.org/packages/aa/a4/f828e9718d3dce1f5f11c39c4f65afd32783c8b2aebb2e3d259e492c47bd/ruff-0.15.12-py3-none-macosx_11_0_arm64.whl", hash = "sha256:fe87510d000220aa1ed530d4448a7c696a0cae1213e5ec30e5874287b66557b5", size = 10397182, upload-time = "2026-04-24T18:17:07.177Z" },
    { url = "https://files.pythonhosted.org/packages/71/e0/3310fc6d1b5e1fdea22bf3b1b807c7e187b581021b0d7d4514cccdb5fb71/ruff-0.15.12-py3-none-manylinux_2_17_aarch64.manylinux2014_aarch64.whl", hash = "sha256:84a1630093121375a3e2a95b4a6dc7b59e2b4ee76216e32d81aae550a832d002", size = 10758012, upload-time = "2026-04-24T18:16:55.759Z" },
    { url = "https://files.pythonhosted.org/packages/11/c1/a606911aee04c324ddaa883ae418f3569792fd3c4a10c50e0dd0a2311e1e/ruff-0.15.12-py3-none-manylinux_2_17_armv7l.manylinux2014_armv7l.whl", hash = "sha256:fb129f40f114f089ebe0ca56c0d251cf2061b17651d464bb6478dc01e69f11f5", size = 10447479, upload-time = "2026-04-24T18:16:51.677Z" },
    { url = "https://files.pythonhosted.org/packages/9d/68/4201e8444f0894f21ab4aeeaee68aa4f10b51613514a20d80bd628d57e88/ruff-0.15.12-py3-none-manylinux_2_17_i686.manylinux2014_i686.whl", hash = "sha256:b0c862b172d695db7598426b8af465e7e9ac00a3ea2a3630ee67eb82e366aaa6", size = 11234040, upload-time = "2026-04-24T18:17:16.529Z" },
    { url = "https://files.pythonhosted.org/packages/34/ff/8a6d6cf4ccc23fd67060874e832c18919d1557a0611ebef03fdb01fff11e/ruff-0.15.12-py3-none-manylinux_2_17_ppc64le.manylinux2014_ppc64le.whl", hash = "sha256:2849ea9f3484c3aca43a82f484210370319e7170df4dfe4843395ddf6c57bc33", size = 12087377, upload-time = "2026-04-24T18:17:04.944Z" },
    { url = "https://files.pythonhosted.org/packages/85/f6/c669cf73f5152f623d34e69866a46d5e6185816b19fcd5b6dd8a2d299922/ruff-0.15.12-py3-none-manylinux_2_17_s390x.manylinux2014_s390x.whl", hash = "sha256:9e77c7e51c07fe396826d5969a5b846d9cd4c402535835fb6e21ce8b28fef847", size = 11367784, upload-time = "2026-04-24T18:17:25.409Z" },
    { url = "https://files.pythonhosted.org/packages/e8/39/c61d193b8a1daaa8977f7dea9e8d8ba866e02ea7b65d32f6861693aa4c12/ruff-0.15.12-py3-none-manylinux_2_17_x86_64.manylinux2014_x86_64.whl", hash = "sha256:83b2f4f2f3b1026b5fb449b467d9264bf22067b600f7b6f41fc5958909f449d0", size = 11344088, upload-time = "2026-04-24T18:17:12.258Z" },
    { url = "https://files.pythonhosted.org/packages/c2/8d/49afab3645e31e12c590acb6d3b5b69d7aab5b81926dbaf7461f9441f37a/ruff-0.15.12-py3-none-manylinux_2_31_riscv64.whl", hash = "sha256:9ba3b8f1afd7e2e43d8943e55f249e13f9682fde09711644a6e7290eb4f3e339", size = 11271770, upload-time = "2026-04-24T18:17:02.457Z" },
    { url = "https://files.pythonhosted.org/packages/46/06/33f41fe94403e2b755481cdfb9b7ef3e4e0ed031c4581124658d935d52b4/ruff-0.15.12-py3-none-musllinux_1_2_aarch64.whl", hash = "sha256:e852ba9fdc890655e1d78f2df1499efbe0e54126bd405362154a75e2bde159c5", size = 10719355, upload-time = "2026-04-24T18:17:27.648Z" },
    { url = "https://files.pythonhosted.org/packages/0d/59/18aa4e014debbf559670e4048e39260a85c7fcee84acfd761ac01e7b8d35/ruff-0.15.12-py3-none-musllinux_1_2_armv7l.whl", hash = "sha256:dd8aed930da53780d22fc70bdf84452c843cf64f8cb4eb38984319c24c5cd5fd", size = 10462758, upload-time = "2026-04-24T18:17:32.347Z" },
    { url = "https://files.pythonhosted.org/packages/25/e7/cc9f16fd0f3b5fddcbd7ec3d6ae30c8f3fde1047f32a4093a98d633c6570/ruff-0.15.12-py3-none-musllinux_1_2_i686.whl", hash = "sha256:01da3988d225628b709493d7dc67c3b9b12c0210016b08690ef9bd27970b262b", size = 10953498, upload-time = "2026-04-24T18:17:20.674Z" },
    { url = "https://files.pythonhosted.org/packages/72/7a/a9ba7f98c7a575978698f4230c5e8cc54bbc761af34f560818f933dafa0c/ruff-0.15.12-py3-none-musllinux_1_2_x86_64.whl", hash = "sha256:9cae0f92bd5700d1213188b31cd3bdd2b315361296d10b96b8e2337d3d11f53e", size = 11447765, upload-time = "2026-04-24T18:17:09.755Z" },
    { url = "https://files.pythonhosted.org/packages/ea/f9/0ae446942c846b8266059ad8a30702a35afae55f5cdc54c5adf8d7afdc27/ruff-0.15.12-py3-none-win32.whl", hash = "sha256:d0185894e038d7043ba8fd6aee7499ece6462dc0ea9f1e260c7451807c714c20", size = 10657277, upload-time = "2026-04-24T18:17:18.591Z" },
    { url = "https://files.pythonhosted.org/packages/33/f1/9614e03e1cdcbf9437570b5400ced8a720b5db22b28d8e0f1bda429f660d/ruff-0.15.12-py3-none-win_amd64.whl", hash = "sha256:c87a162d61ab3adca47c03f7f717c68672edec7d1b5499e652331780fe74950d", size = 11837758, upload-time = "2026-04-24T18:17:00.113Z" },
    { url = "https://files.pythonhosted.org/packages/c0/98/6beb4b351e472e5f4c4613f7c35a5290b8be2497e183825310c4c3a3984b/ruff-0.15.12-py3-none-win_arm64.whl", hash = "sha256:a538f7a82d061cee7be55542aca1d86d1393d55d81d4fcc314370f4340930d4f", size = 11120821, upload-time = "2026-04-24T18:16:57.979Z" },
]

[[package]]
name = "typing-extensions"
version = "4.15.0"
source = { registry = "https://pypi.org/simple" }
sdist = { url = "https://files.pythonhosted.org/packages/72/94/1a15dd82efb362ac84269196e94cf00f187f7ed21c242792a923cdb1c61f/typing_extensions-4.15.0.tar.gz", hash = "sha256:0cea48d173cc12fa28ecabc3b837ea3cf6f38c6d1136f85cbaaf598984861466", size = 109391, upload-time = "2025-08-25T13:49:26.313Z" }
wheels = [
    { url = "https://files.pythonhosted.org/packages/18/67/36e9267722cc04a6b9f15c7f3441c2363321a3ea07da7ae0c0707beb2a9c/typing_extensions-4.15.0-py3-none-any.whl", hash = "sha256:f0fa19c6845758ab08074a0cfa8b7aecb71c999ca73d62883bc25cc018c4e548", size = 44614, upload-time = "2025-08-25T13:49:24.86Z" },
]

[[package]]
name = "videos"
version = "0.1.0"
source = { virtual = "." }
dependencies = [
    { name = "ffmpeg-python" },
]

[package.dev-dependencies]
dev = [
    { name = "mypy" },
    { name = "ruff" },
]

[package.metadata]
requires-dist = [{ name = "ffmpeg-python", specifier = ">=0.2.0" }]

[package.metadata.requires-dev]
dev = [
    { name = "mypy", specifier = ">=2.0.0" },
    { name = "ruff", specifier = ">=0.14.13" },
]
